
Microsoft Visual Studio Solution File, Format Version 12.00
# Visual Studio Version 17
VisualStudioVersion = 17.0.32126.317
MinimumVisualStudioVersion = 10.0.40219.1
Project("{2150E333-8FDC-42A3-9474-1A3956D46DE8}") = "Src", "Src", "{76FF3BB4-0CC0-4FAD-B859-89B98A29F33F}"
EndProject
Project("{2150E333-8FDC-42A3-9474-1A3956D46DE8}") = "Host", "Host", "{DC5A3276-160A-4973-BFB9-9B5361AD29C7}"
EndProject
Project("{2150E333-8FDC-42A3-9474-1A3956D46DE8}") = "Modules", "Modules", "{92D9B0FD-7FE9-4720-B247-0F5C418F4F45}"
EndProject
Project("{2150E333-8FDC-42A3-9474-1A3956D46DE8}") = "Customer", "Customer", "{D646C28C-26B0-4CFD-97F9-E4E10EE6D0F3}"
EndProject
Project("{9A19103F-16F7-4668-BE54-9A1E7A4F7556}") = "Module.Customer.Application", "Src\Modules\Customer\Module.Customer.Application\Module.Customer.Application.csproj", "{5AF10A19-C1E1-4CB7-A83B-501192EC83CE}"
EndProject
Project("{2150E333-8FDC-42A3-9474-1A3956D46DE8}") = "Identity", "Identity", "{A9A4E9B9-0700-48DB-A9D1-ECEFFEDE2375}"
EndProject
Project("{9A19103F-16F7-4668-BE54-9A1E7A4F7556}") = "Module.Identity.Application", "Src\Modules\Identity\Module.Identity.Application\Module.Identity.Application.csproj", "{6C0DF37A-61A5-4A1D-8E20-FC0F47B7826D}"
EndProject
Project("{2150E333-8FDC-42A3-9474-1A3956D46DE8}") = "Finances", "Finances", "{4D4CFE39-C3A1-438E-9074-98F59AD0A5F7}"
EndProject
Project("{9A19103F-16F7-4668-BE54-9A1E7A4F7556}") = "Module.Finances.Application", "Src\Modules\Finances\Module.Finances.Application\Module.Finances.Application.csproj", "{481E2B9E-5E9A-4928-B0E8-43992E2AFD2E}"
EndProject
Project("{2150E333-8FDC-42A3-9474-1A3956D46DE8}") = "Report", "Report", "{0D0E590A-4505-4FD9-A284-E3133700B5E0}"
EndProject
Project("{9A19103F-16F7-4668-BE54-9A1E7A4F7556}") = "Module.Report", "Src\Modules\Report\Module.Report\Module.Report.csproj", "{21AD12D1-F700-4D46-A8AB-3000C4DE1DBD}"
EndProject
Project("{9A19103F-16F7-4668-BE54-9A1E7A4F7556}") = "Module.Customer.Core", "Src\Modules\Customer\Module.Customer.Core\Module.Customer.Core.csproj", "{C844B88E-DB36-41FA-A021-2CE161FD0FBE}"
EndProject
Project("{9A19103F-16F7-4668-BE54-9A1E7A4F7556}") = "Module.Customer.Service", "Src\Modules\Customer\Module.Customer.Service\Module.Customer.Service.csproj", "{5A2DC68D-C164-4810-8B90-2D6814C37FF2}"
EndProject
Project("{2150E333-8FDC-42A3-9474-1A3956D46DE8}") = "Module.Customer.Infraestructure", "Module.Customer.Infraestructure", "{C9EC8BC2-F09C-46A9-BE7C-2CE4E9CAD671}"
EndProject
Project("{9A19103F-16F7-4668-BE54-9A1E7A4F7556}") = "Module.Customer.Infraestructure.Data", "Src\Modules\Customer\Module.Customer.Infraestructure\Module.Customer.Infraestructure.Data\Module.Customer.Infraestructure.Data.csproj", "{C3D84814-5F1C-40F6-925B-67FAC027DC85}"
EndProject
Project("{9A19103F-16F7-4668-BE54-9A1E7A4F7556}") = "Module.Customer.Infraestructure.CrossCutting", "Src\Modules\Customer\Module.Customer.Infraestructure\Module.Customer.Infraestructure.CrossCutting\Module.Customer.Infraestructure.CrossCutting.csproj", "{80C1B063-88C7-4D45-B5FD-089054895158}"
EndProject
Project("{9A19103F-16F7-4668-BE54-9A1E7A4F7556}") = "Module.Finances.Core", "Src\Modules\Finances\Module.Finances.Core\Module.Finances.Core.csproj", "{0BA58B87-7C1C-46A2-9D6C-BE2822033773}"
EndProject
Project("{9A19103F-16F7-4668-BE54-9A1E7A4F7556}") = "Module.Finances.Service", "Src\Modules\Finances\Module.Finances.Service\Module.Finances.Service.csproj", "{98CB8208-04B5-4FF0-9484-A4390BBBE871}"
EndProject
Project("{2150E333-8FDC-42A3-9474-1A3956D46DE8}") = "Module.Finances.Infraestructure", "Module.Finances.Infraestructure", "{C454DC7F-C8BC-4C0E-A8F3-10E5C915B141}"
EndProject
Project("{9A19103F-16F7-4668-BE54-9A1E7A4F7556}") = "Module.Finances.Infraestructure.Data", "Src\Modules\Finances\Module.Finances.Infraestructure\Module.Finances.Infraestructure.Data\Module.Finances.Infraestructure.Data.csproj", "{E1A01D1A-69DB-4576-B2F0-603447321AA9}"
EndProject
Project("{9A19103F-16F7-4668-BE54-9A1E7A4F7556}") = "Module.Identity.Service", "Src\Modules\Identity\Module.Identity.Service\Module.Identity.Service.csproj", "{03529317-F005-4BA9-95AC-98E25D505935}"
EndProject
Project("{2150E333-8FDC-42A3-9474-1A3956D46DE8}") = "Module.Identity.Infraestructure", "Module.Identity.Infraestructure", "{6E22DDBD-F876-429A-B050-05C3A4E1EC72}"
EndProject
Project("{9A19103F-16F7-4668-BE54-9A1E7A4F7556}") = "Module.Identity.Infraestructure.Data", "Src\Modules\Identity\Module.Identity.Infraestructure\Module.Identity.Infraestructure.Data\Module.Identity.Infraestructure.Data.csproj", "{BC1C6A0F-C737-48EE-94A6-6A81C2970412}"
EndProject
Project("{2150E333-8FDC-42A3-9474-1A3956D46DE8}") = "Shared", "Shared", "{4DF32773-7304-457D-AFA6-934E7F4BA133}"
EndProject
Project("{2150E333-8FDC-42A3-9474-1A3956D46DE8}") = "Core", "Core", "{75DBEF06-8616-499E-9EF5-430D3FDD81D9}"
EndProject
Project("{9A19103F-16F7-4668-BE54-9A1E7A4F7556}") = "Shared.Core", "Src\Shared\Core\Share.Core\Shared.Core.csproj", "{8B36C252-5FD8-4991-8989-EBC59FF24E19}"
EndProject
Project("{9A19103F-16F7-4668-BE54-9A1E7A4F7556}") = "Module.Finances.Infraestructure.CrossCutting", "Src\Modules\Finances\Module.Finances.Infraestructure\Module.Finances.Infraestructure.CrossCutting\Module.Finances.Infraestructure.CrossCutting.csproj", "{8F8E0A72-3EA1-4AC6-B135-E6E494F98652}"
EndProject
Project("{9A19103F-16F7-4668-BE54-9A1E7A4F7556}") = "Module.Identity.Infraestructure.CrossCutting", "Src\Modules\Identity\Module.Identity.Infraestructure\Module.Identity.Infraestructure.CrossCutting\Module.Identity.Infraestructure.CrossCutting.csproj", "{59458A15-BC50-4B0D-910C-1718767BEBFC}"
EndProject
Project("{9A19103F-16F7-4668-BE54-9A1E7A4F7556}") = "Module.Identity.Core", "Src\Modules\Identity\Module.Identity.Core\Module.Identity.Core.csproj", "{879E4E90-A4E9-4A6E-851C-727875395954}"
EndProject
Project("{2150E333-8FDC-42A3-9474-1A3956D46DE8}") = "Infraestructure", "Infraestructure", "{1EFA09D5-F8C3-43B6-949D-2AD6E12C070F}"
EndProject
Project("{9A19103F-16F7-4668-BE54-9A1E7A4F7556}") = "Shared.Infraestructure", "src\Shared\Infraestructure\Shared.Infraestructure\Shared.Infraestructure.csproj", "{EFC83630-5F0F-4211-A602-C25397572FB0}"
EndProject
Project("{9A19103F-16F7-4668-BE54-9A1E7A4F7556}") = "API", "src\Host\API\API\API.csproj", "{9FAD2159-AA6C-4A5E-AED6-C206C412AC9E}"
EndProject
Project("{2150E333-8FDC-42A3-9474-1A3956D46DE8}") = "Shared", "Shared", "{0708CC20-C979-40CE-9B07-A39888D2B5FF}"
EndProject
Project("{FAE04EC0-301F-11D3-BF4B-00C04F79EFBC}") = "Module.Shared", "src\Modules\Shared\Module.Shared\Module.Shared.csproj", "{47A5DA29-2DC5-4587-824D-E42502C0DDF7}"
EndProject
Project("{2150E333-8FDC-42A3-9474-1A3956D46DE8}") = "1 - Core", "1 - Core", "{73050D64-1A35-42A4-A8BF-665FDB7571FC}"
EndProject
Project("{2150E333-8FDC-42A3-9474-1A3956D46DE8}") = "2 - Infra", "2 - Infra", "{BFBADC7D-7878-4D64-A489-AA97AE391E09}"
EndProject
Project("{2150E333-8FDC-42A3-9474-1A3956D46DE8}") = "3 - Service", "3 - Service", "{97E5F0AC-C82C-4E50-84F5-F91740FAAB04}"
EndProject
Project("{2150E333-8FDC-42A3-9474-1A3956D46DE8}") = "4 - App", "4 - App", "{7BD29F8E-2A86-4EDC-9D05-C218E78B35B1}"
EndProject
Project("{2150E333-8FDC-42A3-9474-1A3956D46DE8}") = "1 - Core", "1 - Core", "{D5FC9220-EFC7-414E-9C69-ABE057D95134}"
EndProject
Project("{2150E333-8FDC-42A3-9474-1A3956D46DE8}") = "2 - Infra", "2 - Infra", "{E74A61F0-392F-42CA-9D78-5A4AB6ED4F1D}"
EndProject
Project("{2150E333-8FDC-42A3-9474-1A3956D46DE8}") = "3 - Service", "3 - Service", "{1A10E645-E26B-4393-9A6D-E235E7C02236}"
EndProject
Project("{2150E333-8FDC-42A3-9474-1A3956D46DE8}") = "4 - App", "4 - App", "{8CDFCFA8-E017-44AC-8803-4AE2BDD792CF}"
EndProject
Project("{2150E333-8FDC-42A3-9474-1A3956D46DE8}") = "App", "App", "{85D5A802-2C95-4941-81E4-23D499DCC1EC}"
EndProject
Project("{2150E333-8FDC-42A3-9474-1A3956D46DE8}") = "App", "App", "{BF41CCBF-A62C-4762-AC74-5EBB1ED9E6CA}"
EndProject
Project("{2150E333-8FDC-42A3-9474-1A3956D46DE8}") = "1 - Core", "1 - Core", "{A73965E2-B1B2-4FD4-A7BE-EFC3A8C389DB}"
EndProject
Project("{2150E333-8FDC-42A3-9474-1A3956D46DE8}") = "2 - Infra", "2 - Infra", "{D005F0F2-8A60-497F-BE5B-30D4A20ED7C8}"
EndProject
Project("{2150E333-8FDC-42A3-9474-1A3956D46DE8}") = "3 - Service", "3 - Service", "{C46FB926-BB09-4434-935E-1784E8ED2660}"
EndProject
Project("{2150E333-8FDC-42A3-9474-1A3956D46DE8}") = "4 - App", "4 - App", "{47917F42-DB8D-45BD-AC2C-FE2AB87AE252}"
EndProject
Global
	GlobalSection(SolutionConfigurationPlatforms) = preSolution
		Debug|Any CPU = Debug|Any CPU
		Release|Any CPU = Release|Any CPU
	EndGlobalSection
	GlobalSection(ProjectConfigurationPlatforms) = postSolution
		{5AF10A19-C1E1-4CB7-A83B-501192EC83CE}.Debug|Any CPU.ActiveCfg = Debug|Any CPU
		{5AF10A19-C1E1-4CB7-A83B-501192EC83CE}.Debug|Any CPU.Build.0 = Debug|Any CPU
		{5AF10A19-C1E1-4CB7-A83B-501192EC83CE}.Release|Any CPU.ActiveCfg = Release|Any CPU
		{5AF10A19-C1E1-4CB7-A83B-501192EC83CE}.Release|Any CPU.Build.0 = Release|Any CPU
		{6C0DF37A-61A5-4A1D-8E20-FC0F47B7826D}.Debug|Any CPU.ActiveCfg = Debug|Any CPU
		{6C0DF37A-61A5-4A1D-8E20-FC0F47B7826D}.Debug|Any CPU.Build.0 = Debug|Any CPU
		{6C0DF37A-61A5-4A1D-8E20-FC0F47B7826D}.Release|Any CPU.ActiveCfg = Release|Any CPU
		{6C0DF37A-61A5-4A1D-8E20-FC0F47B7826D}.Release|Any CPU.Build.0 = Release|Any CPU
		{481E2B9E-5E9A-4928-B0E8-43992E2AFD2E}.Debug|Any CPU.ActiveCfg = Debug|Any CPU
		{481E2B9E-5E9A-4928-B0E8-43992E2AFD2E}.Debug|Any CPU.Build.0 = Debug|Any CPU
		{481E2B9E-5E9A-4928-B0E8-43992E2AFD2E}.Release|Any CPU.ActiveCfg = Release|Any CPU
		{481E2B9E-5E9A-4928-B0E8-43992E2AFD2E}.Release|Any CPU.Build.0 = Release|Any CPU
		{21AD12D1-F700-4D46-A8AB-3000C4DE1DBD}.Debug|Any CPU.ActiveCfg = Debug|Any CPU
		{21AD12D1-F700-4D46-A8AB-3000C4DE1DBD}.Debug|Any CPU.Build.0 = Debug|Any CPU
		{21AD12D1-F700-4D46-A8AB-3000C4DE1DBD}.Release|Any CPU.ActiveCfg = Release|Any CPU
		{21AD12D1-F700-4D46-A8AB-3000C4DE1DBD}.Release|Any CPU.Build.0 = Release|Any CPU
		{C844B88E-DB36-41FA-A021-2CE161FD0FBE}.Debug|Any CPU.ActiveCfg = Debug|Any CPU
		{C844B88E-DB36-41FA-A021-2CE161FD0FBE}.Debug|Any CPU.Build.0 = Debug|Any CPU
		{C844B88E-DB36-41FA-A021-2CE161FD0FBE}.Release|Any CPU.ActiveCfg = Release|Any CPU
		{C844B88E-DB36-41FA-A021-2CE161FD0FBE}.Release|Any CPU.Build.0 = Release|Any CPU
		{5A2DC68D-C164-4810-8B90-2D6814C37FF2}.Debug|Any CPU.ActiveCfg = Debug|Any CPU
		{5A2DC68D-C164-4810-8B90-2D6814C37FF2}.Debug|Any CPU.Build.0 = Debug|Any CPU
		{5A2DC68D-C164-4810-8B90-2D6814C37FF2}.Release|Any CPU.ActiveCfg = Release|Any CPU
		{5A2DC68D-C164-4810-8B90-2D6814C37FF2}.Release|Any CPU.Build.0 = Release|Any CPU
		{C3D84814-5F1C-40F6-925B-67FAC027DC85}.Debug|Any CPU.ActiveCfg = Debug|Any CPU
		{C3D84814-5F1C-40F6-925B-67FAC027DC85}.Debug|Any CPU.Build.0 = Debug|Any CPU
		{C3D84814-5F1C-40F6-925B-67FAC027DC85}.Release|Any CPU.ActiveCfg = Release|Any CPU
		{C3D84814-5F1C-40F6-925B-67FAC027DC85}.Release|Any CPU.Build.0 = Release|Any CPU
		{80C1B063-88C7-4D45-B5FD-089054895158}.Debug|Any CPU.ActiveCfg = Debug|Any CPU
		{80C1B063-88C7-4D45-B5FD-089054895158}.Debug|Any CPU.Build.0 = Debug|Any CPU
		{80C1B063-88C7-4D45-B5FD-089054895158}.Release|Any CPU.ActiveCfg = Release|Any CPU
		{80C1B063-88C7-4D45-B5FD-089054895158}.Release|Any CPU.Build.0 = Release|Any CPU
		{0BA58B87-7C1C-46A2-9D6C-BE2822033773}.Debug|Any CPU.ActiveCfg = Debug|Any CPU
		{0BA58B87-7C1C-46A2-9D6C-BE2822033773}.Debug|Any CPU.Build.0 = Debug|Any CPU
		{0BA58B87-7C1C-46A2-9D6C-BE2822033773}.Release|Any CPU.ActiveCfg = Release|Any CPU
		{0BA58B87-7C1C-46A2-9D6C-BE2822033773}.Release|Any CPU.Build.0 = Release|Any CPU
		{98CB8208-04B5-4FF0-9484-A4390BBBE871}.Debug|Any CPU.ActiveCfg = Debug|Any CPU
		{98CB8208-04B5-4FF0-9484-A4390BBBE871}.Debug|Any CPU.Build.0 = Debug|Any CPU
		{98CB8208-04B5-4FF0-9484-A4390BBBE871}.Release|Any CPU.ActiveCfg = Release|Any CPU
		{98CB8208-04B5-4FF0-9484-A4390BBBE871}.Release|Any CPU.Build.0 = Release|Any CPU
		{E1A01D1A-69DB-4576-B2F0-603447321AA9}.Debug|Any CPU.ActiveCfg = Debug|Any CPU
		{E1A01D1A-69DB-4576-B2F0-603447321AA9}.Debug|Any CPU.Build.0 = Debug|Any CPU
		{E1A01D1A-69DB-4576-B2F0-603447321AA9}.Release|Any CPU.ActiveCfg = Release|Any CPU
		{E1A01D1A-69DB-4576-B2F0-603447321AA9}.Release|Any CPU.Build.0 = Release|Any CPU
		{03529317-F005-4BA9-95AC-98E25D505935}.Debug|Any CPU.ActiveCfg = Debug|Any CPU
		{03529317-F005-4BA9-95AC-98E25D505935}.Debug|Any CPU.Build.0 = Debug|Any CPU
		{03529317-F005-4BA9-95AC-98E25D505935}.Release|Any CPU.ActiveCfg = Release|Any CPU
		{03529317-F005-4BA9-95AC-98E25D505935}.Release|Any CPU.Build.0 = Release|Any CPU
		{BC1C6A0F-C737-48EE-94A6-6A81C2970412}.Debug|Any CPU.ActiveCfg = Debug|Any CPU
		{BC1C6A0F-C737-48EE-94A6-6A81C2970412}.Debug|Any CPU.Build.0 = Debug|Any CPU
		{BC1C6A0F-C737-48EE-94A6-6A81C2970412}.Release|Any CPU.ActiveCfg = Release|Any CPU
		{BC1C6A0F-C737-48EE-94A6-6A81C2970412}.Release|Any CPU.Build.0 = Release|Any CPU
		{8B36C252-5FD8-4991-8989-EBC59FF24E19}.Debug|Any CPU.ActiveCfg = Debug|Any CPU
		{8B36C252-5FD8-4991-8989-EBC59FF24E19}.Debug|Any CPU.Build.0 = Debug|Any CPU
		{8B36C252-5FD8-4991-8989-EBC59FF24E19}.Release|Any CPU.ActiveCfg = Release|Any CPU
		{8B36C252-5FD8-4991-8989-EBC59FF24E19}.Release|Any CPU.Build.0 = Release|Any CPU
		{8F8E0A72-3EA1-4AC6-B135-E6E494F98652}.Debug|Any CPU.ActiveCfg = Debug|Any CPU
		{8F8E0A72-3EA1-4AC6-B135-E6E494F98652}.Debug|Any CPU.Build.0 = Debug|Any CPU
		{8F8E0A72-3EA1-4AC6-B135-E6E494F98652}.Release|Any CPU.ActiveCfg = Release|Any CPU
		{8F8E0A72-3EA1-4AC6-B135-E6E494F98652}.Release|Any CPU.Build.0 = Release|Any CPU
		{59458A15-BC50-4B0D-910C-1718767BEBFC}.Debug|Any CPU.ActiveCfg = Debug|Any CPU
		{59458A15-BC50-4B0D-910C-1718767BEBFC}.Debug|Any CPU.Build.0 = Debug|Any CPU
		{59458A15-BC50-4B0D-910C-1718767BEBFC}.Release|Any CPU.ActiveCfg = Release|Any CPU
		{59458A15-BC50-4B0D-910C-1718767BEBFC}.Release|Any CPU.Build.0 = Release|Any CPU
		{879E4E90-A4E9-4A6E-851C-727875395954}.Debug|Any CPU.ActiveCfg = Debug|Any CPU
		{879E4E90-A4E9-4A6E-851C-727875395954}.Debug|Any CPU.Build.0 = Debug|Any CPU
		{879E4E90-A4E9-4A6E-851C-727875395954}.Release|Any CPU.ActiveCfg = Release|Any CPU
		{879E4E90-A4E9-4A6E-851C-727875395954}.Release|Any CPU.Build.0 = Release|Any CPU
		{EFC83630-5F0F-4211-A602-C25397572FB0}.Debug|Any CPU.ActiveCfg = Debug|Any CPU
		{EFC83630-5F0F-4211-A602-C25397572FB0}.Debug|Any CPU.Build.0 = Debug|Any CPU
		{EFC83630-5F0F-4211-A602-C25397572FB0}.Release|Any CPU.ActiveCfg = Release|Any CPU
		{EFC83630-5F0F-4211-A602-C25397572FB0}.Release|Any CPU.Build.0 = Release|Any CPU
		{9FAD2159-AA6C-4A5E-AED6-C206C412AC9E}.Debug|Any CPU.ActiveCfg = Debug|Any CPU
		{9FAD2159-AA6C-4A5E-AED6-C206C412AC9E}.Debug|Any CPU.Build.0 = Debug|Any CPU
		{9FAD2159-AA6C-4A5E-AED6-C206C412AC9E}.Release|Any CPU.ActiveCfg = Release|Any CPU
		{9FAD2159-AA6C-4A5E-AED6-C206C412AC9E}.Release|Any CPU.Build.0 = Release|Any CPU
		{47A5DA29-2DC5-4587-824D-E42502C0DDF7}.Debug|Any CPU.ActiveCfg = Debug|Any CPU
		{47A5DA29-2DC5-4587-824D-E42502C0DDF7}.Debug|Any CPU.Build.0 = Debug|Any CPU
		{47A5DA29-2DC5-4587-824D-E42502C0DDF7}.Release|Any CPU.ActiveCfg = Release|Any CPU
		{47A5DA29-2DC5-4587-824D-E42502C0DDF7}.Release|Any CPU.Build.0 = Release|Any CPU
	EndGlobalSection
	GlobalSection(SolutionProperties) = preSolution
		HideSolutionNode = FALSE
	EndGlobalSection
	GlobalSection(NestedProjects) = preSolution
		{DC5A3276-160A-4973-BFB9-9B5361AD29C7} = {76FF3BB4-0CC0-4FAD-B859-89B98A29F33F}
		{92D9B0FD-7FE9-4720-B247-0F5C418F4F45} = {76FF3BB4-0CC0-4FAD-B859-89B98A29F33F}
		{D646C28C-26B0-4CFD-97F9-E4E10EE6D0F3} = {92D9B0FD-7FE9-4720-B247-0F5C418F4F45}
		{5AF10A19-C1E1-4CB7-A83B-501192EC83CE} = {7BD29F8E-2A86-4EDC-9D05-C218E78B35B1}
		{A9A4E9B9-0700-48DB-A9D1-ECEFFEDE2375} = {92D9B0FD-7FE9-4720-B247-0F5C418F4F45}
		{6C0DF37A-61A5-4A1D-8E20-FC0F47B7826D} = {47917F42-DB8D-45BD-AC2C-FE2AB87AE252}
		{4D4CFE39-C3A1-438E-9074-98F59AD0A5F7} = {92D9B0FD-7FE9-4720-B247-0F5C418F4F45}
		{481E2B9E-5E9A-4928-B0E8-43992E2AFD2E} = {8CDFCFA8-E017-44AC-8803-4AE2BDD792CF}
		{0D0E590A-4505-4FD9-A284-E3133700B5E0} = {92D9B0FD-7FE9-4720-B247-0F5C418F4F45}
		{21AD12D1-F700-4D46-A8AB-3000C4DE1DBD} = {85D5A802-2C95-4941-81E4-23D499DCC1EC}
		{C844B88E-DB36-41FA-A021-2CE161FD0FBE} = {73050D64-1A35-42A4-A8BF-665FDB7571FC}
		{5A2DC68D-C164-4810-8B90-2D6814C37FF2} = {97E5F0AC-C82C-4E50-84F5-F91740FAAB04}
		{C9EC8BC2-F09C-46A9-BE7C-2CE4E9CAD671} = {BFBADC7D-7878-4D64-A489-AA97AE391E09}
		{C3D84814-5F1C-40F6-925B-67FAC027DC85} = {C9EC8BC2-F09C-46A9-BE7C-2CE4E9CAD671}
		{80C1B063-88C7-4D45-B5FD-089054895158} = {C9EC8BC2-F09C-46A9-BE7C-2CE4E9CAD671}
		{0BA58B87-7C1C-46A2-9D6C-BE2822033773} = {D5FC9220-EFC7-414E-9C69-ABE057D95134}
		{98CB8208-04B5-4FF0-9484-A4390BBBE871} = {1A10E645-E26B-4393-9A6D-E235E7C02236}
		{C454DC7F-C8BC-4C0E-A8F3-10E5C915B141} = {E74A61F0-392F-42CA-9D78-5A4AB6ED4F1D}
		{E1A01D1A-69DB-4576-B2F0-603447321AA9} = {C454DC7F-C8BC-4C0E-A8F3-10E5C915B141}
		{03529317-F005-4BA9-95AC-98E25D505935} = {C46FB926-BB09-4434-935E-1784E8ED2660}
		{6E22DDBD-F876-429A-B050-05C3A4E1EC72} = {D005F0F2-8A60-497F-BE5B-30D4A20ED7C8}
		{BC1C6A0F-C737-48EE-94A6-6A81C2970412} = {6E22DDBD-F876-429A-B050-05C3A4E1EC72}
		{4DF32773-7304-457D-AFA6-934E7F4BA133} = {76FF3BB4-0CC0-4FAD-B859-89B98A29F33F}
		{75DBEF06-8616-499E-9EF5-430D3FDD81D9} = {4DF32773-7304-457D-AFA6-934E7F4BA133}
		{8B36C252-5FD8-4991-8989-EBC59FF24E19} = {75DBEF06-8616-499E-9EF5-430D3FDD81D9}
		{8F8E0A72-3EA1-4AC6-B135-E6E494F98652} = {C454DC7F-C8BC-4C0E-A8F3-10E5C915B141}
		{59458A15-BC50-4B0D-910C-1718767BEBFC} = {6E22DDBD-F876-429A-B050-05C3A4E1EC72}
		{879E4E90-A4E9-4A6E-851C-727875395954} = {A73965E2-B1B2-4FD4-A7BE-EFC3A8C389DB}
		{1EFA09D5-F8C3-43B6-949D-2AD6E12C070F} = {4DF32773-7304-457D-AFA6-934E7F4BA133}
		{EFC83630-5F0F-4211-A602-C25397572FB0} = {1EFA09D5-F8C3-43B6-949D-2AD6E12C070F}
		{9FAD2159-AA6C-4A5E-AED6-C206C412AC9E} = {DC5A3276-160A-4973-BFB9-9B5361AD29C7}
		{0708CC20-C979-40CE-9B07-A39888D2B5FF} = {92D9B0FD-7FE9-4720-B247-0F5C418F4F45}
		{47A5DA29-2DC5-4587-824D-E42502C0DDF7} = {BF41CCBF-A62C-4762-AC74-5EBB1ED9E6CA}
		{73050D64-1A35-42A4-A8BF-665FDB7571FC} = {D646C28C-26B0-4CFD-97F9-E4E10EE6D0F3}
		{BFBADC7D-7878-4D64-A489-AA97AE391E09} = {D646C28C-26B0-4CFD-97F9-E4E10EE6D0F3}
		{97E5F0AC-C82C-4E50-84F5-F91740FAAB04} = {D646C28C-26B0-4CFD-97F9-E4E10EE6D0F3}
		{7BD29F8E-2A86-4EDC-9D05-C218E78B35B1} = {D646C28C-26B0-4CFD-97F9-E4E10EE6D0F3}
		{D5FC9220-EFC7-414E-9C69-ABE057D95134} = {4D4CFE39-C3A1-438E-9074-98F59AD0A5F7}
		{E74A61F0-392F-42CA-9D78-5A4AB6ED4F1D} = {4D4CFE39-C3A1-438E-9074-98F59AD0A5F7}
		{1A10E645-E26B-4393-9A6D-E235E7C02236} = {4D4CFE39-C3A1-438E-9074-98F59AD0A5F7}
		{8CDFCFA8-E017-44AC-8803-4AE2BDD792CF} = {4D4CFE39-C3A1-438E-9074-98F59AD0A5F7}
		{85D5A802-2C95-4941-81E4-23D499DCC1EC} = {0D0E590A-4505-4FD9-A284-E3133700B5E0}
		{BF41CCBF-A62C-4762-AC74-5EBB1ED9E6CA} = {0708CC20-C979-40CE-9B07-A39888D2B5FF}
		{A73965E2-B1B2-4FD4-A7BE-EFC3A8C389DB} = {A9A4E9B9-0700-48DB-A9D1-ECEFFEDE2375}
		{D005F0F2-8A60-497F-BE5B-30D4A20ED7C8} = {A9A4E9B9-0700-48DB-A9D1-ECEFFEDE2375}
		{C46FB926-BB09-4434-935E-1784E8ED2660} = {A9A4E9B9-0700-48DB-A9D1-ECEFFEDE2375}
		{47917F42-DB8D-45BD-AC2C-FE2AB87AE252} = {A9A4E9B9-0700-48DB-A9D1-ECEFFEDE2375}
	EndGlobalSection
	GlobalSection(ExtensibilityGlobals) = postSolution
		SolutionGuid = {05ADD8A4-968E-4A0D-B41C-238A0003ACC5}
	EndGlobalSection
EndGlobal
